<?xml version="1.0" encoding="utf-8"?>
<Project ToolsVersion="4.0" xmlns="http://schemas.microsoft.com/developer/msbuild/2003">
  <ItemGroup>
    <Filter Include="소스 파일">
      <UniqueIdentifier>{4FC737F1-C7A5-4376-A066-2A32D752A2FF}</UniqueIdentifier>
      <Extensions>cpp;c;cc;cxx;c++;cppm;ixx;def;odl;idl;hpj;bat;asm;asmx</Extensions>
    </Filter>
    <Filter Include="헤더 파일">
      <UniqueIdentifier>{93995380-89BD-4b04-88EB-625FBE52EBFB}</UniqueIdentifier>
      <Extensions>h;hh;hpp;hxx;h++;hm;inl;inc;ipp;xsd</Extensions>
    </Filter>
    <Filter Include="리소스 파일">
      <UniqueIdentifier>{67DA6AB6-F800-4c08-8B7A-83BB121AAD01}</UniqueIdentifier>
      <Extensions>rc;ico;cur;bmp;dlg;rc2;rct;bin;rgs;gif;jpg;jpeg;jpe;resx;tiff;tif;png;wav;mfcribbon-ms</Extensions>
    </Filter>
    <Filter Include="Ch">
      <UniqueIdentifier>{7eee2a4e-09ee-4dbf-9418-54e1a13d4cc4}</UniqueIdentifier>
    </Filter>
    <Filter Include="Ch\Sub">
      <UniqueIdentifier>{e8cd28a2-9020-4e3c-96f6-ff0e4b20fda0}</UniqueIdentifier>
    </Filter>
    <Filter Include="Map">
      <UniqueIdentifier>{dcdd967e-21a4-4ea4-9eca-4aaf8a0eb35f}</UniqueIdentifier>
    </Filter>
    <Filter Include="Scene">
      <UniqueIdentifier>{32a8b9ce-803c-4b83-9a1b-e01e5372bf74}</UniqueIdentifier>
    </Filter>
    <Filter Include="Effect">
      <UniqueIdentifier>{83c44041-3bc4-41bb-bce4-083bd497f190}</UniqueIdentifier>
    </Filter>
    <Filter Include="Ch\FSM">
      <UniqueIdentifier>{32f353c1-d470-48d3-b4a5-c37d0feb2eb8}</UniqueIdentifier>
    </Filter>
  </ItemGroup>
  <ItemGroup>
    <ClInclude Include="MyMain.h">
      <Filter>헤더 파일</Filter>
    </ClInclude>
    <ClInclude Include="DebugBox.h">
      <Filter>헤더 파일</Filter>
    </ClInclude>
    <ClInclude Include="Animation.h">
      <Filter>Ch\Sub</Filter>
    </ClInclude>
    <ClInclude Include="Common.h">
      <Filter>Ch\Sub</Filter>
    </ClInclude>
    <ClInclude Include="CommonPath.h">
      <Filter>Ch\Sub</Filter>
    </ClInclude>
    <ClInclude Include="CommonUtility.h">
      <Filter>Ch\Sub</Filter>
    </ClInclude>
    <ClInclude Include="FileIOObject.h">
      <Filter>Ch\Sub</Filter>
    </ClInclude>
    <ClInclude Include="Material.h">
      <Filter>Ch\Sub</Filter>
    </ClInclude>
    <ClInclude Include="Mesh.h">
      <Filter>Ch\Sub</Filter>
    </ClInclude>
    <ClInclude Include="Mesh.hpp">
      <Filter>Ch\Sub</Filter>
    </ClInclude>
    <ClInclude Include="Model.h">
      <Filter>Ch\Sub</Filter>
    </ClInclude>
    <ClInclude Include="Serializeable.h">
      <Filter>Ch\Sub</Filter>
    </ClInclude>
    <ClInclude Include="SerializeableDataType.h">
      <Filter>Ch\Sub</Filter>
    </ClInclude>
    <ClInclude Include="FNode.h">
      <Filter>Map</Filter>
    </ClInclude>
    <ClInclude Include="FQuadTree.h">
      <Filter>Map</Filter>
    </ClInclude>
    <ClInclude Include="MeshMap.h">
      <Filter>Map</Filter>
    </ClInclude>
    <ClInclude Include="Map.h">
      <Filter>Map</Filter>
    </ClInclude>
    <ClInclude Include="Character.h">
      <Filter>Ch</Filter>
    </ClInclude>
    <ClInclude Include="Player.h">
      <Filter>Ch</Filter>
    </ClInclude>
    <ClInclude Include="CollisionMgr.h">
      <Filter>헤더 파일</Filter>
    </ClInclude>
    <ClInclude Include="ModelMgr.h">
      <Filter>Ch</Filter>
    </ClInclude>
    <ClInclude Include="Scene.h">
      <Filter>Scene</Filter>
    </ClInclude>
    <ClInclude Include="SceneEnd.h">
      <Filter>Scene</Filter>
    </ClInclude>
    <ClInclude Include="SceneInGame.h">
      <Filter>Scene</Filter>
    </ClInclude>
    <ClInclude Include="SceneTitle.h">
      <Filter>Scene</Filter>
    </ClInclude>
    <ClInclude Include="Object.h">
      <Filter>Map</Filter>
    </ClInclude>
    <ClInclude Include="TrailEffect.h">
      <Filter>Effect</Filter>
    </ClInclude>
    <ClInclude Include="CharacterState.h">
      <Filter>Ch\FSM</Filter>
    </ClInclude>
    <ClInclude Include="CharacterStateManager.h">
      <Filter>Ch\FSM</Filter>
    </ClInclude>
    <ClInclude Include="EnemyNPCMob.h">
      <Filter>Ch\FSM</Filter>
    </ClInclude>
    <ClInclude Include="EnemyNPCMobStateService.h">
      <Filter>Ch\FSM</Filter>
    </ClInclude>
    <ClInclude Include="PlayerStateService.h">
      <Filter>Ch\FSM</Filter>
    </ClInclude>
    <ClInclude Include="SceneMgr.h">
      <Filter>Scene</Filter>
    </ClInclude>
    <ClInclude Include="InteractiveObject.h">
      <Filter>헤더 파일</Filter>
    </ClInclude>
    <ClInclude Include="TestObj.h">
      <Filter>헤더 파일</Filter>
    </ClInclude>
    <ClInclude Include="BossMob.h">
      <Filter>Ch\FSM</Filter>
    </ClInclude>
    <ClInclude Include="BossStateService.h">
      <Filter>Ch\FSM</Filter>
    </ClInclude>
    <ClInclude Include="Emitter.h">
      <Filter>Effect</Filter>
    </ClInclude>
  </ItemGroup>
  <ItemGroup>
    <ClCompile Include="MyMain.cpp">
      <Filter>소스 파일</Filter>
    </ClCompile>
    <ClCompile Include="DebugBox.cpp">
      <Filter>소스 파일</Filter>
    </ClCompile>
    <ClCompile Include="Animation.cpp">
      <Filter>Ch\Sub</Filter>
    </ClCompile>
    <ClCompile Include="FileIOObject.cpp">
      <Filter>Ch\Sub</Filter>
    </ClCompile>
    <ClCompile Include="Material.cpp">
      <Filter>Ch\Sub</Filter>
    </ClCompile>
    <ClCompile Include="Mesh.cpp">
      <Filter>Ch\Sub</Filter>
    </ClCompile>
    <ClCompile Include="Model.cpp">
      <Filter>Ch\Sub</Filter>
    </ClCompile>
    <ClCompile Include="Serializeable.cpp">
      <Filter>Ch\Sub</Filter>
    </ClCompile>
    <ClCompile Include="FNode.cpp">
      <Filter>Map</Filter>
    </ClCompile>
    <ClCompile Include="FQuadTree.cpp">
      <Filter>Map</Filter>
    </ClCompile>
    <ClCompile Include="MeshMap.cpp">
      <Filter>Map</Filter>
    </ClCompile>
    <ClCompile Include="Character.cpp">
      <Filter>Ch</Filter>
    </ClCompile>
    <ClCompile Include="Player.cpp">
      <Filter>Ch</Filter>
    </ClCompile>
    <ClCompile Include="CollisionMgr.cpp">
      <Filter>소스 파일</Filter>
    </ClCompile>
    <ClCompile Include="ModelMgr.cpp">
      <Filter>Ch</Filter>
    </ClCompile>
    <ClCompile Include="Scene.cpp">
      <Filter>Scene</Filter>
    </ClCompile>
    <ClCompile Include="SceneEnd.cpp">
      <Filter>Scene</Filter>
    </ClCompile>
    <ClCompile Include="SceneInGame.cpp">
      <Filter>Scene</Filter>
    </ClCompile>
    <ClCompile Include="SceneTitle.cpp">
      <Filter>Scene</Filter>
    </ClCompile>
    <ClCompile Include="Object.cpp">
      <Filter>Map</Filter>
    </ClCompile>
    <ClCompile Include="TrailEffect.cpp">
      <Filter>Effect</Filter>
    </ClCompile>
    <ClCompile Include="CharacterState.cpp">
      <Filter>Ch\FSM</Filter>
    </ClCompile>
    <ClCompile Include="CharacterStateManager.cpp">
      <Filter>Ch\FSM</Filter>
    </ClCompile>
    <ClCompile Include="EnemyNPCMob.cpp">
      <Filter>Ch\FSM</Filter>
    </ClCompile>
    <ClCompile Include="EnemyNPCMobStateService.cpp">
      <Filter>Ch\FSM</Filter>
    </ClCompile>
    <ClCompile Include="PlayerStateService.cpp">
      <Filter>Ch\FSM</Filter>
    </ClCompile>
    <ClCompile Include="SceneMgr.cpp">
      <Filter>Scene</Filter>
    </ClCompile>
    <ClCompile Include="InteractiveObject.cpp">
      <Filter>소스 파일</Filter>
    </ClCompile>
    <ClCompile Include="TestObj.cpp">
      <Filter>소스 파일</Filter>
    </ClCompile>
    <ClCompile Include="BossMob.cpp">
      <Filter>Ch\FSM</Filter>
    </ClCompile>
    <ClCompile Include="BossStateService.cpp">
      <Filter>Ch\FSM</Filter>
    </ClCompile>
    <ClCompile Include="Emitter.cpp">
      <Filter>Effect</Filter>
    </ClCompile>
  </ItemGroup>
</Project>